// !$*UTF8*$!
{
	archiveVersion = 1;
	classes = {
	};
	objectVersion = 50;
	objects = {

/* Begin PBXBuildFile section */
		99EBF71D21009AB700379645 /* CircleProgressBar.framework in Frameworks */ = {isa = PBXBuildFile; fileRef = 99EBF71321009AB700379645 /* CircleProgressBar.framework */; };
		99EBF72221009AB700379645 /* CircleProgressBarTests.swift in Sources */ = {isa = PBXBuildFile; fileRef = 99EBF72121009AB700379645 /* CircleProgressBarTests.swift */; };
		99EBF72421009AB700379645 /* CircleProgressBar.h in Headers */ = {isa = PBXBuildFile; fileRef = 99EBF71621009AB700379645 /* CircleProgressBar.h */; settings = {ATTRIBUTES = (Public, ); }; };
		99EBF77B2102FD2B00379645 /* CircleProgressBar.swift in Sources */ = {isa = PBXBuildFile; fileRef = 99EBF77A2102FD2B00379645 /* CircleProgressBar.swift */; };
		99EBF77D2102FD7D00379645 /* CircleProgressBarItem.swift in Sources */ = {isa = PBXBuildFile; fileRef = 99EBF77C2102FD7D00379645 /* CircleProgressBarItem.swift */; };
/* End PBXBuildFile section */

/* Begin PBXContainerItemProxy section */
		99EBF71E21009AB700379645 /* PBXContainerItemProxy */ = {
			isa = PBXContainerItemProxy;
			containerPortal = 99EBF70A21009AB700379645 /* Project object */;
			proxyType = 1;
			remoteGlobalIDString = 99EBF71221009AB700379645;
			remoteInfo = CircleProgressBar;
		};
/* End PBXContainerItemProxy section */

/* Begin PBXFileReference section */
		99EBF71321009AB700379645 /* CircleProgressBar.framework */ = {isa = PBXFileReference; explicitFileType = wrapper.framework; includeInIndex = 0; path = CircleProgressBar.framework; sourceTree = BUILT_PRODUCTS_DIR; };
		99EBF71621009AB700379645 /* CircleProgressBar.h */ = {isa = PBXFileReference; lastKnownFileType = sourcecode.c.h; path = CircleProgressBar.h; sourceTree = "<group>"; };
		99EBF71721009AB700379645 /* Info.plist */ = {isa = PBXFileReference; lastKnownFileType = text.plist.xml; path = Info.plist; sourceTree = "<group>"; };
		99EBF71C21009AB700379645 /* CircleProgressBarTests.xctest */ = {isa = PBXFileReference; explicitFileType = wrapper.cfbundle; includeInIndex = 0; path = CircleProgressBarTests.xctest; sourceTree = BUILT_PRODUCTS_DIR; };
		99EBF72121009AB700379645 /* CircleProgressBarTests.swift */ = {isa = PBXFileReference; lastKnownFileType = sourcecode.swift; path = CircleProgressBarTests.swift; sourceTree = "<group>"; };
		99EBF72321009AB700379645 /* Info.plist */ = {isa = PBXFileReference; lastKnownFileType = text.plist.xml; path = Info.plist; sourceTree = "<group>"; };
		99EBF77A2102FD2B00379645 /* CircleProgressBar.swift */ = {isa = PBXFileReference; lastKnownFileType = sourcecode.swift; path = CircleProgressBar.swift; sourceTree = "<group>"; };
		99EBF77C2102FD7D00379645 /* CircleProgressBarItem.swift */ = {isa = PBXFileReference; lastKnownFileType = sourcecode.swift; path = CircleProgressBarItem.swift; sourceTree = "<group>"; };
/* End PBXFileReference section */

/* Begin PBXFrameworksBuildPhase section */
		99EBF71021009AB700379645 /* Frameworks */ = {
			isa = PBXFrameworksBuildPhase;
			buildActionMask = 2147483647;
			files = (
			);
			runOnlyForDeploymentPostprocessing = 0;
		};
		99EBF71921009AB700379645 /* Frameworks */ = {
			isa = PBXFrameworksBuildPhase;
			buildActionMask = 2147483647;
			files = (
				99EBF71D21009AB700379645 /* CircleProgressBar.framework in Frameworks */,
			);
			runOnlyForDeploymentPostprocessing = 0;
		};
/* End PBXFrameworksBuildPhase section */

/* Begin PBXGroup section */
		99EBF70921009AB700379645 = {
			isa = PBXGroup;
			children = (
				99EBF71521009AB700379645 /* CircleProgressBar */,
				99EBF72021009AB700379645 /* CircleProgressBarTests */,
				99EBF71421009AB700379645 /* Products */,
			);
			sourceTree = "<group>";
		};
		99EBF71421009AB700379645 /* Products */ = {
			isa = PBXGroup;
			children = (
				99EBF71321009AB700379645 /* CircleProgressBar.framework */,
				99EBF71C21009AB700379645 /* CircleProgressBarTests.xctest */,
			);
			name = Products;
			sourceTree = "<group>";
		};
		99EBF71521009AB700379645 /* CircleProgressBar */ = {
			isa = PBXGroup;
			children = (
				99EBF71621009AB700379645 /* CircleProgressBar.h */,
				99EBF71721009AB700379645 /* Info.plist */,
				99EBF77A2102FD2B00379645 /* CircleProgressBar.swift */,
				99EBF77C2102FD7D00379645 /* CircleProgressBarItem.swift */,
			);
			path = CircleProgressBar;
			sourceTree = "<group>";
		};
		99EBF72021009AB700379645 /* CircleProgressBarTests */ = {
			isa = PBXGroup;
			children = (
				99EBF72121009AB700379645 /* CircleProgressBarTests.swift */,
				99EBF72321009AB700379645 /* Info.plist */,
			);
			path = CircleProgressBarTests;
			sourceTree = "<group>";
		};
/* End PBXGroup section */

/* Begin PBXHeadersBuildPhase section */
		99EBF70E21009AB700379645 /* Headers */ = {
			isa = PBXHeadersBuildPhase;
			buildActionMask = 2147483647;
			files = (
				99EBF72421009AB700379645 /* CircleProgressBar.h in Headers */,
			);
			runOnlyForDeploymentPostprocessing = 0;
		};
/* End PBXHeadersBuildPhase section */

/* Begin PBXNativeTarget section */
		99EBF71221009AB700379645 /* CircleProgressBar */ = {
			isa = PBXNativeTarget;
			buildConfigurationList = 99EBF72721009AB700379645 /* Build configuration list for PBXNativeTarget "CircleProgressBar" */;
			buildPhases = (
				99EBF70E21009AB700379645 /* Headers */,
				99EBF70F21009AB700379645 /* Sources */,
				99EBF71021009AB700379645 /* Frameworks */,
				99EBF71121009AB700379645 /* Resources */,
			);
			buildRules = (
			);
			dependencies = (
			);
			name = CircleProgressBar;
			productName = CircleProgressBar;
			productReference = 99EBF71321009AB700379645 /* CircleProgressBar.framework */;
			productType = "com.apple.product-type.framework";
		};
		99EBF71B21009AB700379645 /* CircleProgressBarTests */ = {
			isa = PBXNativeTarget;
			buildConfigurationList = 99EBF72A21009AB700379645 /* Build configuration list for PBXNativeTarget "CircleProgressBarTests" */;
			buildPhases = (
				99EBF71821009AB700379645 /* Sources */,
				99EBF71921009AB700379645 /* Frameworks */,
				99EBF71A21009AB700379645 /* Resources */,
			);
			buildRules = (
			);
			dependencies = (
				99EBF71F21009AB700379645 /* PBXTargetDependency */,
			);
			name = CircleProgressBarTests;
			productName = CircleProgressBarTests;
			productReference = 99EBF71C21009AB700379645 /* CircleProgressBarTests.xctest */;
			productType = "com.apple.product-type.bundle.unit-test";
		};
/* End PBXNativeTarget section */

/* Begin PBXProject section */
		99EBF70A21009AB700379645 /* Project object */ = {
			isa = PBXProject;
			attributes = {
				LastSwiftUpdateCheck = 1000;
				LastUpgradeCheck = 1000;
				ORGANIZATIONNAME = "YANG XU";
				TargetAttributes = {
					99EBF71221009AB700379645 = {
						CreatedOnToolsVersion = 10.0;
						LastSwiftMigration = 1000;
					};
					99EBF71B21009AB700379645 = {
						CreatedOnToolsVersion = 10.0;
					};
				};
			};
			buildConfigurationList = 99EBF70D21009AB700379645 /* Build configuration list for PBXProject "CircleProgressBar" */;
			compatibilityVersion = "Xcode 9.3";
			developmentRegion = en;
			hasScannedForEncodings = 0;
			knownRegions = (
				en,
			);
			mainGroup = 99EBF70921009AB700379645;
			productRefGroup = 99EBF71421009AB700379645 /* Products */;
			projectDirPath = "";
			projectRoot = "";
			targets = (
				99EBF71221009AB700379645 /* CircleProgressBar */,
				99EBF71B21009AB700379645 /* CircleProgressBarTests */,
			);
		};
/* End PBXProject section */

/* Begin PBXResourcesBuildPhase section */
		99EBF71121009AB700379645 /* Resources */ = {
			isa = PBXResourcesBuildPhase;
			buildActionMask = 2147483647;
			files = (
			);
			runOnlyForDeploymentPostprocessing = 0;
		};
		99EBF71A21009AB700379645 /* Resources */ = {
			isa = PBXResourcesBuildPhase;
			buildActionMask = 2147483647;
			files = (
			);
			runOnlyForDeploymentPostprocessing = 0;
		};
/* End PBXResourcesBuildPhase section */

/* Begin PBXSourcesBuildPhase section */
		99EBF70F21009AB700379645 /* Sources */ = {
			isa = PBXSourcesBuildPhase;
			buildActionMask = 2147483647;
			files = (
				99EBF77B2102FD2B00379645 /* CircleProgressBar.swift in Sources */,
				99EBF77D2102FD7D00379645 /* CircleProgressBarItem.swift in Sources */,
			);
			runOnlyForDeploymentPostprocessing = 0;
		};
		99EBF71821009AB700379645 /* Sources */ = {
			isa = PBXSourcesBuildPhase;
			buildActionMask = 2147483647;
			files = (
				99EBF72221009AB700379645 /* CircleProgressBarTests.swift in Sources */,
			);
			runOnlyForDeploymentPostprocessing = 0;
		};
/* End PBXSourcesBuildPhase section */

/* Begin PBXTargetDependency section */
		99EBF71F21009AB700379645 /* PBXTargetDependency */ = {
			isa = PBXTargetDependency;
			target = 99EBF71221009AB700379645 /* CircleProgressBar */;
			targetProxy = 99EBF71E21009AB700379645 /* PBXContainerItemProxy */;
		};
/* End PBXTargetDependency section */

/* Begin XCBuildConfiguration section */
		99EBF72521009AB700379645 /* Debug */ = {
			isa = XCBuildConfiguration;
			buildSettings = {
				ALWAYS_SEARCH_USER_PATHS = NO;
				CLANG_ANALYZER_NONNULL = YES;
				CLANG_ANALYZER_NUMBER_OBJECT_CONVERSION = YES_AGGRESSIVE;
				CLANG_CXX_LANGUAGE_STANDARD = "gnu++14";
				CLANG_CXX_LIBRARY = "libc++";
				CLANG_ENABLE_MODULES = YES;
				CLANG_ENABLE_OBJC_ARC = YES;
				CLANG_ENABLE_OBJC_WEAK = YES;
				CLANG_WARN_BLOCK_CAPTURE_AUTORELEASING = YES;
				CLANG_WARN_BOOL_CONVERSION = YES;
				CLANG_WARN_COMMA = YES;
				CLANG_WARN_CONSTANT_CONVERSION = YES;
				CLANG_WARN_DEPRECATED_OBJC_IMPLEMENTATIONS = YES;
				CLANG_WARN_DIRECT_OBJC_ISA_USAGE = YES_ERROR;
				CLANG_WARN_DOCUMENTATION_COMMENTS = YES;
				CLANG_WARN_EMPTY_BODY = YES;
				CLANG_WARN_ENUM_CONVERSION = YES;
				CLANG_WARN_INFINITE_RECURSION = YES;
				CLANG_WARN_INT_CONVERSION = YES;
				CLANG_WARN_NON_LITERAL_NULL_CONVERSION = YES;
				CLANG_WARN_OBJC_IMPLICIT_RETAIN_SELF = YES;
				CLANG_WARN_OBJC_LITERAL_CONVERSION = YES;
				CLANG_WARN_OBJC_ROOT_CLASS = YES_ERROR;
				CLANG_WARN_RANGE_LOOP_ANALYSIS = YES;
				CLANG_WARN_STRICT_PROTOTYPES = YES;
				CLANG_WARN_SUSPICIOUS_MOVE = YES;
				CLANG_WARN_UNGUARDED_AVAILABILITY = YES_AGGRESSIVE;
				CLANG_WARN_UNREACHABLE_CODE = YES;
				CLANG_WARN__DUPLICATE_METHOD_MATCH = YES;
				CODE_SIGN_IDENTITY = "iPhone Developer";
				COPY_PHASE_STRIP = NO;
				CURRENT_PROJECT_VERSION = 1;
				DEBUG_INFORMATION_FORMAT = dwarf;
				ENABLE_STRICT_OBJC_MSGSEND = YES;
				ENABLE_TESTABILITY = YES;
				GCC_C_LANGUAGE_STANDARD = gnu11;
				GCC_DYNAMIC_NO_PIC = NO;
				GCC_NO_COMMON_BLOCKS = YES;
				GCC_OPTIMIZATION_LEVEL = 0;
				GCC_PREPROCESSOR_DEFINITIONS = (
					"DEBUG=1",
					"$(inherited)",
				);
				GCC_WARN_64_TO_32_BIT_CONVERSION = YES;
				GCC_WARN_ABOUT_RETURN_TYPE = YES_ERROR;
				GCC_WARN_UNDECLARED_SELECTOR = YES;
				GCC_WARN_UNINITIALIZED_AUTOS = YES_AGGRESSIVE;
				GCC_WARN_UNUSED_FUNCTION = YES;
				GCC_WARN_UNUSED_VARIABLE = YES;
				IPHONEOS_DEPLOYMENT_TARGET = 12.0;
				MTL_ENABLE_DEBUG_INFO = INCLUDE_SOURCE;
				ONLY_ACTIVE_ARCH = YES;
				SDKROOT = iphoneos;
				SWIFT_ACTIVE_COMPILATION_CONDITIONS = DEBUG;
				SWIFT_OPTIMIZATION_LEVEL = "-Onone";
				VERSIONING_SYSTEM = "apple-generic";
				VERSION_INFO_PREFIX = "";
			};
			name = Debug;
		};
		99EBF72621009AB700379645 /* Release */ = {
			isa = XCBuildConfiguration;
			buildSettings = {
				ALWAYS_SEARCH_USER_PATHS = NO;
				CLANG_ANALYZER_NONNULL = YES;
				CLANG_ANALYZER_NUMBER_OBJECT_CONVERSION = YES_AGGRESSIVE;
				CLANG_CXX_LANGUAGE_STANDARD = "gnu++14";
				CLANG_CXX_LIBRARY = "libc++";
				CLANG_ENABLE_MODULES = YES;
				CLANG_ENABLE_OBJC_ARC = YES;
				CLANG_ENABLE_OBJC_WEAK = YES;
				CLANG_WARN_BLOCK_CAPTURE_AUTORELEASING = YES;
				CLANG_WARN_BOOL_CONVERSION = YES;
				CLANG_WARN_COMMA = YES;
				CLANG_WARN_CONSTANT_CONVERSION = YES;
				CLANG_WARN_DEPRECATED_OBJC_IMPLEMENTATIONS = YES;
				CLANG_WARN_DIRECT_OBJC_ISA_USAGE = YES_ERROR;
				CLANG_WARN_DOCUMENTATION_COMMENTS = YES;
				CLANG_WARN_EMPTY_BODY = YES;
				CLANG_WARN_ENUM_CONVERSION = YES;
				CLANG_WARN_INFINITE_RECURSION = YES;
				CLANG_WARN_INT_CONVERSION = YES;
				CLANG_WARN_NON_LITERAL_NULL_CONVERSION = YES;
				CLANG_WARN_OBJC_IMPLICIT_RETAIN_SELF = YES;
				CLANG_WARN_OBJC_LITERAL_CONVERSION = YES;
				CLANG_WARN_OBJC_ROOT_CLASS = YES_ERROR;
				CLANG_WARN_RANGE_LOOP_ANALYSIS = YES;
				CLANG_WARN_STRICT_PROTOTYPES = YES;
				CLANG_WARN_SUSPICIOUS_MOVE = YES;
				CLANG_WARN_UNGUARDED_AVAILABILITY = YES_AGGRESSIVE;
				CLANG_WARN_UNREACHABLE_CODE = YES;
				CLANG_WARN__DUPLICATE_METHOD_MATCH = YES;
				CODE_SIGN_IDENTITY = "iPhone Developer";
				COPY_PHASE_STRIP = NO;
				CURRENT_PROJECT_VERSION = 1;
				DEBUG_INFORMATION_FORMAT = "dwarf-with-dsym";
				ENABLE_NS_ASSERTIONS = NO;
				ENABLE_STRICT_OBJC_MSGSEND = YES;
				GCC_C_LANGUAGE_STANDARD = gnu11;
				GCC_NO_COMMON_BLOCKS = YES;
				GCC_WARN_64_TO_32_BIT_CONVERSION = YES;
				GCC_WARN_ABOUT_RETURN_TYPE = YES_ERROR;
				GCC_WARN_UNDECLARED_SELECTOR = YES;
				GCC_WARN_UNINITIALIZED_AUTOS = YES_AGGRESSIVE;
				GCC_WARN_UNUSED_FUNCTION = YES;
				GCC_WARN_UNUSED_VARIABLE = YES;
				IPHONEOS_DEPLOYMENT_TARGET = 12.0;
				MTL_ENABLE_DEBUG_INFO = NO;
				SDKROOT = iphoneos;
				SWIFT_COMPILATION_MODE = wholemodule;
				SWIFT_OPTIMIZATION_LEVEL = "-O";
				VALIDATE_PRODUCT = YES;
				VERSIONING_SYSTEM = "apple-generic";
				VERSION_INFO_PREFIX = "";
			};
			name = Release;
		};
		99EBF72821009AB700379645 /* Debug */ = {
			isa = XCBuildConfiguration;
			buildSettings = {
				CLANG_ENABLE_MODULES = YES;
				CODE_SIGN_IDENTITY = "";
				CODE_SIGN_STYLE = Automatic;
				DEFINES_MODULE = YES;
				DEVELOPMENT_TEAM = 82W9HNF8T5;
				DYLIB_COMPATIBILITY_VERSION = 1;
				DYLIB_CURRENT_VERSION = 1;
				DYLIB_INSTALL_NAME_BASE = "@rpath";
				INFOPLIST_FILE = CircleProgressBar/Info.plist;
				INSTALL_PATH = "$(LOCAL_LIBRARY_DIR)/Frameworks";
				IPHONEOS_DEPLOYMENT_TARGET = 9.0;
				LD_RUNPATH_SEARCH_PATHS = (
					"$(inherited)",
					"@executable_path/Frameworks",
					"@loader_path/Frameworks",
				);
				PRODUCT_BUNDLE_IDENTIFIER = com.deliease.CircleProgressBar;
				PRODUCT_NAME = "$(TARGET_NAME:c99extidentifier)";
				SKIP_INSTALL = YES;
				SWIFT_OPTIMIZATION_LEVEL = "-Onone";
				SWIFT_VERSION = 4.2;
				TARGETED_DEVICE_FAMILY = "1,2";
			};
			name = Debug;
		};
		99EBF72921009AB700379645 /* Release */ = {
			isa = XCBuildConfiguration;
			buildSettings = {
				CLANG_ENABLE_MODULES = YES;
				CODE_SIGN_IDENTITY = "";
				CODE_SIGN_STYLE = Automatic;
				DEFINES_MODULE = YES;
				DEVELOPMENT_TEAM = 82W9HNF8T5;
				DYLIB_COMPATIBILITY_VERSION = 1;
				DYLIB_CURRENT_VERSION = 1;
				DYLIB_INSTALL_NAME_BASE = "@rpath";
				INFOPLIST_FILE = CircleProgressBar/Info.plist;
				INSTALL_PATH = "$(LOCAL_LIBRARY_DIR)/Frameworks";
				IPHONEOS_DEPLOYMENT_TARGET = 9.0;
				LD_RUNPATH_SEARCH_PATHS = (
					"$(inherited)",
					"@executable_path/Frameworks",
					"@loader_path/Frameworks",
				);
				PRODUCT_BUNDLE_IDENTIFIER = com.deliease.CircleProgressBar;
				PRODUCT_NAME = "$(TARGET_NAME:c99extidentifier)";
				SKIP_INSTALL = YES;
				SWIFT_VERSION = 4.2;
				TARGETED_DEVICE_FAMILY = "1,2";
			};
			name = Release;
		};
		99EBF72B21009AB700379645 /* Debug */ = {
			isa = XCBuildConfiguration;
			buildSettings = {
				ALWAYS_EMBED_SWIFT_STANDARD_LIBRARIES = YES;
				CODE_SIGN_STYLE = Automatic;
				DEVELOPMENT_TEAM = 82W9HNF8T5;
				INFOPLIST_FILE = CircleProgressBarTests/Info.plist;
				LD_RUNPATH_SEARCH_PATHS = (
					"$(inherited)",
					"@executable_path/Frameworks",
					"@loader_path/Frameworks",
				);
				PRODUCT_BUNDLE_IDENTIFIER = com.deliease.CircleProgressBarTests;
				PRODUCT_NAME = "$(TARGET_NAME)";
				SWIFT_VERSION = 4.2;
				TARGETED_DEVICE_FAMILY = "1,2";
			};
			name = Debug;
		};
		99EBF72C21009AB700379645 /* Release */ = {
			isa = XCBuildConfiguration;
			buildSettings = {
				ALWAYS_EMBED_SWIFT_STANDARD_LIBRARIES = YES;
				CODE_SIGN_STYLE = Automatic;
				DEVELOPMENT_TEAM = 82W9HNF8T5;
				INFOPLIST_FILE = CircleProgressBarTests/Info.plist;
				LD_RUNPATH_SEARCH_PATHS = (
					"$(inherited)",
					"@executable_path/Frameworks",
					"@loader_path/Frameworks",
				);
				PRODUCT_BUNDLE_IDENTIFIER = com.deliease.CircleProgressBarTests;
				PRODUCT_NAME = "$(TARGET_NAME)";
				SWIFT_VERSION = 4.2;
				TARGETED_DEVICE_FAMILY = "1,2";
			};
			name = Release;
		};
/* End XCBuildConfiguration section */

/* Begin XCConfigurationList section */
		99EBF70D21009AB700379645 /* Build configuration list for PBXProject "CircleProgressBar" */ = {
			isa = XCConfigurationList;
			buildConfigurations = (
				99EBF72521009AB700379645 /* Debug */,
				99EBF72621009AB700379645 /* Release */,
			);
			defaultConfigurationIsVisible = 0;
			defaultConfigurationName = Release;
		};
		99EBF72721009AB700379645 /* Build configuration list for PBXNativeTarget "CircleProgressBar" */ = {
			isa = XCConfigurationList;
			buildConfigurations = (
				99EBF72821009AB700379645 /* Debug */,
				99EBF72921009AB700379645 /* Release */,
			);
			defaultConfigurationIsVisible = 0;
			defaultConfigurationName = Release;
		};
		99EBF72A21009AB700379645 /* Build configuration list for PBXNativeTarget "CircleProgressBarTests" */ = {
			isa = XCConfigurationList;
			buildConfigurations = (
				99EBF72B21009AB700379645 /* Debug */,
				99EBF72C21009AB700379645 /* Release */,
			);
			defaultConfigurationIsVisible = 0;
			defaultConfigurationName = Release;
		};
/* End XCConfigurationList section */
	};
	rootObject = 99EBF70A21009AB700379645 /* Project object */;
}
